// !$*UTF8*$!
{
	archiveVersion = 1;
	classes = {
	};
	objectVersion = 55;
	objects = {

/* Begin PBXBuildFile section */
		5801A17228275DC30002BBFC /* PostListViewModel.swift in Sources */ = {isa = PBXBuildFile; fileRef = 5801A17128275DC30002BBFC /* PostListViewModel.swift */; };
		5801A176282761080002BBFC /* PostView.swift in Sources */ = {isa = PBXBuildFile; fileRef = 5801A175282761080002BBFC /* PostView.swift */; };
		5801A178282763510002BBFC /* PostUI.swift in Sources */ = {isa = PBXBuildFile; fileRef = 5801A177282763510002BBFC /* PostUI.swift */; };
		5801A17A282763A90002BBFC /* PostViewModel.swift in Sources */ = {isa = PBXBuildFile; fileRef = 5801A179282763A90002BBFC /* PostViewModel.swift */; };
		5801A17C282766B50002BBFC /* FormView.swift in Sources */ = {isa = PBXBuildFile; fileRef = 5801A17B282766B50002BBFC /* FormView.swift */; };
		5801A18028279B5B0002BBFC /* ImagePicker.swift in Sources */ = {isa = PBXBuildFile; fileRef = 5801A17F28279B5B0002BBFC /* ImagePicker.swift */; };
		5801A1822827A04A0002BBFC /* ProfilePage.swift in Sources */ = {isa = PBXBuildFile; fileRef = 5801A1812827A04A0002BBFC /* ProfilePage.swift */; };
		581390C72827C6FB00510576 /* CompareView.swift in Sources */ = {isa = PBXBuildFile; fileRef = 581390C62827C6FB00510576 /* CompareView.swift */; };
		5819469A2826D44D00892670 /* Find_My_PetApp.swift in Sources */ = {isa = PBXBuildFile; fileRef = 581946992826D44D00892670 /* Find_My_PetApp.swift */; };
		5819469C2826D44D00892670 /* ContentView.swift in Sources */ = {isa = PBXBuildFile; fileRef = 5819469B2826D44D00892670 /* ContentView.swift */; };
		5819469E2826D45000892670 /* Assets.xcassets in Resources */ = {isa = PBXBuildFile; fileRef = 5819469D2826D45000892670 /* Assets.xcassets */; };
		581946A12826D45000892670 /* Preview Assets.xcassets in Resources */ = {isa = PBXBuildFile; fileRef = 581946A02826D45000892670 /* Preview Assets.xcassets */; };
		581946AB2826D45000892670 /* Find_My_PetTests.swift in Sources */ = {isa = PBXBuildFile; fileRef = 581946AA2826D45000892670 /* Find_My_PetTests.swift */; };
		581946B52826D45000892670 /* Find_My_PetUITests.swift in Sources */ = {isa = PBXBuildFile; fileRef = 581946B42826D45000892670 /* Find_My_PetUITests.swift */; };
		581946B72826D45000892670 /* Find_My_PetUITestsLaunchTests.swift in Sources */ = {isa = PBXBuildFile; fileRef = 581946B62826D45000892670 /* Find_My_PetUITestsLaunchTests.swift */; };
		581946C42826D4B500892670 /* WelcomePage.swift in Sources */ = {isa = PBXBuildFile; fileRef = 581946C32826D4B500892670 /* WelcomePage.swift */; };
		581946C62826EF8700892670 /* SignInView.swift in Sources */ = {isa = PBXBuildFile; fileRef = 581946C52826EF8700892670 /* SignInView.swift */; };
		581946C828270C6C00892670 /* GoogleService-Info.plist in Resources */ = {isa = PBXBuildFile; fileRef = 581946C728270C6C00892670 /* GoogleService-Info.plist */; };
		581C61C62827290F00802209 /* HomePage.swift in Sources */ = {isa = PBXBuildFile; fileRef = 581C61C52827290F00802209 /* HomePage.swift */; };
		581C61C82827293000802209 /* SignUpView.swift in Sources */ = {isa = PBXBuildFile; fileRef = 581C61C72827293000802209 /* SignUpView.swift */; };
		587FBC6428274352002CB9E8 /* Settings.swift in Sources */ = {isa = PBXBuildFile; fileRef = 587FBC6328274352002CB9E8 /* Settings.swift */; };
		587FBC6628275A06002CB9E8 /* PostRepository.swift in Sources */ = {isa = PBXBuildFile; fileRef = 587FBC6528275A06002CB9E8 /* PostRepository.swift */; };
		587FBC6828275AA2002CB9E8 /* Post.swift in Sources */ = {isa = PBXBuildFile; fileRef = 587FBC6728275AA2002CB9E8 /* Post.swift */; };
		7D8486E517B2BB7AE596F9B5 /* Pods_Find_My_Pet.framework in Frameworks */ = {isa = PBXBuildFile; fileRef = 1F18FEA3A3334351C9F1ED93 /* Pods_Find_My_Pet.framework */; };
		8D6C7F0604627EFD98C01CF6 /* Pods_Find_My_PetTests.framework in Frameworks */ = {isa = PBXBuildFile; fileRef = B2D8BF0A4D000F7A0DBFAD5D /* Pods_Find_My_PetTests.framework */; };
		E4AF6C3CB5B8888AB0D1385E /* Pods_Find_My_Pet_Find_My_PetUITests.framework in Frameworks */ = {isa = PBXBuildFile; fileRef = E36F3781108E2818F4777016 /* Pods_Find_My_Pet_Find_My_PetUITests.framework */; };
/* End PBXBuildFile section */

/* Begin PBXContainerItemProxy section */
		581946A72826D45000892670 /* PBXContainerItemProxy */ = {
			isa = PBXContainerItemProxy;
			containerPortal = 5819468E2826D44D00892670 /* Project object */;
			proxyType = 1;
			remoteGlobalIDString = 581946952826D44D00892670;
			remoteInfo = "Find My pet";
		};
		581946B12826D45000892670 /* PBXContainerItemProxy */ = {
			isa = PBXContainerItemProxy;
			containerPortal = 5819468E2826D44D00892670 /* Project object */;
			proxyType = 1;
			remoteGlobalIDString = 581946952826D44D00892670;
			remoteInfo = "Find My pet";
		};
/* End PBXContainerItemProxy section */

/* Begin PBXFileReference section */
		1F18FEA3A3334351C9F1ED93 /* Pods_Find_My_Pet.framework */ = {isa = PBXFileReference; explicitFileType = wrapper.framework; includeInIndex = 0; path = Pods_Find_My_Pet.framework; sourceTree = BUILT_PRODUCTS_DIR; };
		27825B7CCA4CCF1DBD3C157C /* Pods-Find My Pet-Find My PetUITests.release.xcconfig */ = {isa = PBXFileReference; includeInIndex = 1; lastKnownFileType = text.xcconfig; name = "Pods-Find My Pet-Find My PetUITests.release.xcconfig"; path = "Target Support Files/Pods-Find My Pet-Find My PetUITests/Pods-Find My Pet-Find My PetUITests.release.xcconfig"; sourceTree = "<group>"; };
		522CAD39BDCAC7808DF02EB9 /* Pods-Find My Pet.debug.xcconfig */ = {isa = PBXFileReference; includeInIndex = 1; lastKnownFileType = text.xcconfig; name = "Pods-Find My Pet.debug.xcconfig"; path = "Target Support Files/Pods-Find My Pet/Pods-Find My Pet.debug.xcconfig"; sourceTree = "<group>"; };
		5801A17128275DC30002BBFC /* PostListViewModel.swift */ = {isa = PBXFileReference; lastKnownFileType = sourcecode.swift; path = PostListViewModel.swift; sourceTree = "<group>"; };
		5801A175282761080002BBFC /* PostView.swift */ = {isa = PBXFileReference; lastKnownFileType = sourcecode.swift; path = PostView.swift; sourceTree = "<group>"; };
		5801A177282763510002BBFC /* PostUI.swift */ = {isa = PBXFileReference; lastKnownFileType = sourcecode.swift; path = PostUI.swift; sourceTree = "<group>"; };
		5801A179282763A90002BBFC /* PostViewModel.swift */ = {isa = PBXFileReference; lastKnownFileType = sourcecode.swift; path = PostViewModel.swift; sourceTree = "<group>"; };
		5801A17B282766B50002BBFC /* FormView.swift */ = {isa = PBXFileReference; lastKnownFileType = sourcecode.swift; path = FormView.swift; sourceTree = "<group>"; };
		5801A17F28279B5B0002BBFC /* ImagePicker.swift */ = {isa = PBXFileReference; lastKnownFileType = sourcecode.swift; path = ImagePicker.swift; sourceTree = "<group>"; };
		5801A1812827A04A0002BBFC /* ProfilePage.swift */ = {isa = PBXFileReference; lastKnownFileType = sourcecode.swift; path = ProfilePage.swift; sourceTree = "<group>"; };
		581390C62827C6FB00510576 /* CompareView.swift */ = {isa = PBXFileReference; lastKnownFileType = sourcecode.swift; path = CompareView.swift; sourceTree = "<group>"; };
		581946962826D44D00892670 /* Find My Pet.app */ = {isa = PBXFileReference; explicitFileType = wrapper.application; includeInIndex = 0; path = "Find My Pet.app"; sourceTree = BUILT_PRODUCTS_DIR; };
		581946992826D44D00892670 /* Find_My_PetApp.swift */ = {isa = PBXFileReference; lastKnownFileType = sourcecode.swift; path = Find_My_PetApp.swift; sourceTree = "<group>"; };
		5819469B2826D44D00892670 /* ContentView.swift */ = {isa = PBXFileReference; lastKnownFileType = sourcecode.swift; path = ContentView.swift; sourceTree = "<group>"; };
		5819469D2826D45000892670 /* Assets.xcassets */ = {isa = PBXFileReference; lastKnownFileType = folder.assetcatalog; path = Assets.xcassets; sourceTree = "<group>"; };
		581946A02826D45000892670 /* Preview Assets.xcassets */ = {isa = PBXFileReference; lastKnownFileType = folder.assetcatalog; path = "Preview Assets.xcassets"; sourceTree = "<group>"; };
		581946A62826D45000892670 /* Find My PetTests.xctest */ = {isa = PBXFileReference; explicitFileType = wrapper.cfbundle; includeInIndex = 0; path = "Find My PetTests.xctest"; sourceTree = BUILT_PRODUCTS_DIR; };
		581946AA2826D45000892670 /* Find_My_PetTests.swift */ = {isa = PBXFileReference; lastKnownFileType = sourcecode.swift; path = Find_My_PetTests.swift; sourceTree = "<group>"; };
		581946B02826D45000892670 /* Find My PetUITests.xctest */ = {isa = PBXFileReference; explicitFileType = wrapper.cfbundle; includeInIndex = 0; path = "Find My PetUITests.xctest"; sourceTree = BUILT_PRODUCTS_DIR; };
		581946B42826D45000892670 /* Find_My_PetUITests.swift */ = {isa = PBXFileReference; lastKnownFileType = sourcecode.swift; path = Find_My_PetUITests.swift; sourceTree = "<group>"; };
		581946B62826D45000892670 /* Find_My_PetUITestsLaunchTests.swift */ = {isa = PBXFileReference; lastKnownFileType = sourcecode.swift; path = Find_My_PetUITestsLaunchTests.swift; sourceTree = "<group>"; };
		581946C32826D4B500892670 /* WelcomePage.swift */ = {isa = PBXFileReference; lastKnownFileType = sourcecode.swift; path = WelcomePage.swift; sourceTree = "<group>"; };
		581946C52826EF8700892670 /* SignInView.swift */ = {isa = PBXFileReference; lastKnownFileType = sourcecode.swift; path = SignInView.swift; sourceTree = "<group>"; };
		581946C728270C6C00892670 /* GoogleService-Info.plist */ = {isa = PBXFileReference; fileEncoding = 4; lastKnownFileType = text.plist.xml; name = "GoogleService-Info.plist"; path = "../../../../../Downloads/GoogleService-Info.plist"; sourceTree = "<group>"; };
		581C61C52827290F00802209 /* HomePage.swift */ = {isa = PBXFileReference; lastKnownFileType = sourcecode.swift; path = HomePage.swift; sourceTree = "<group>"; };
		581C61C72827293000802209 /* SignUpView.swift */ = {isa = PBXFileReference; lastKnownFileType = sourcecode.swift; path = SignUpView.swift; sourceTree = "<group>"; };
		587FBC6328274352002CB9E8 /* Settings.swift */ = {isa = PBXFileReference; lastKnownFileType = sourcecode.swift; path = Settings.swift; sourceTree = "<group>"; };
		587FBC6528275A06002CB9E8 /* PostRepository.swift */ = {isa = PBXFileReference; lastKnownFileType = sourcecode.swift; path = PostRepository.swift; sourceTree = "<group>"; };
		587FBC6728275AA2002CB9E8 /* Post.swift */ = {isa = PBXFileReference; lastKnownFileType = sourcecode.swift; path = Post.swift; sourceTree = "<group>"; };
		63DE221097E57F002F630B3D /* Pods-Find My PetTests.debug.xcconfig */ = {isa = PBXFileReference; includeInIndex = 1; lastKnownFileType = text.xcconfig; name = "Pods-Find My PetTests.debug.xcconfig"; path = "Target Support Files/Pods-Find My PetTests/Pods-Find My PetTests.debug.xcconfig"; sourceTree = "<group>"; };
		85DFE49ED3D6F08FB4CADCD5 /* Pods-Find My PetTests.release.xcconfig */ = {isa = PBXFileReference; includeInIndex = 1; lastKnownFileType = text.xcconfig; name = "Pods-Find My PetTests.release.xcconfig"; path = "Target Support Files/Pods-Find My PetTests/Pods-Find My PetTests.release.xcconfig"; sourceTree = "<group>"; };
		B2D8BF0A4D000F7A0DBFAD5D /* Pods_Find_My_PetTests.framework */ = {isa = PBXFileReference; explicitFileType = wrapper.framework; includeInIndex = 0; path = Pods_Find_My_PetTests.framework; sourceTree = BUILT_PRODUCTS_DIR; };
		B45B53D7A48CA14468638309 /* Pods-Find My Pet.release.xcconfig */ = {isa = PBXFileReference; includeInIndex = 1; lastKnownFileType = text.xcconfig; name = "Pods-Find My Pet.release.xcconfig"; path = "Target Support Files/Pods-Find My Pet/Pods-Find My Pet.release.xcconfig"; sourceTree = "<group>"; };
		E36F3781108E2818F4777016 /* Pods_Find_My_Pet_Find_My_PetUITests.framework */ = {isa = PBXFileReference; explicitFileType = wrapper.framework; includeInIndex = 0; path = Pods_Find_My_Pet_Find_My_PetUITests.framework; sourceTree = BUILT_PRODUCTS_DIR; };
		FCEC086D43C985A6C32B5107 /* Pods-Find My Pet-Find My PetUITests.debug.xcconfig */ = {isa = PBXFileReference; includeInIndex = 1; lastKnownFileType = text.xcconfig; name = "Pods-Find My Pet-Find My PetUITests.debug.xcconfig"; path = "Target Support Files/Pods-Find My Pet-Find My PetUITests/Pods-Find My Pet-Find My PetUITests.debug.xcconfig"; sourceTree = "<group>"; };
/* End PBXFileReference section */

/* Begin PBXFrameworksBuildPhase section */
		581946932826D44D00892670 /* Frameworks */ = {
			isa = PBXFrameworksBuildPhase;
			buildActionMask = 2147483647;
			files = (
				7D8486E517B2BB7AE596F9B5 /* Pods_Find_My_Pet.framework in Frameworks */,
			);
			runOnlyForDeploymentPostprocessing = 0;
		};
		581946A32826D45000892670 /* Frameworks */ = {
			isa = PBXFrameworksBuildPhase;
			buildActionMask = 2147483647;
			files = (
				8D6C7F0604627EFD98C01CF6 /* Pods_Find_My_PetTests.framework in Frameworks */,
			);
			runOnlyForDeploymentPostprocessing = 0;
		};
		581946AD2826D45000892670 /* Frameworks */ = {
			isa = PBXFrameworksBuildPhase;
			buildActionMask = 2147483647;
			files = (
				E4AF6C3CB5B8888AB0D1385E /* Pods_Find_My_Pet_Find_My_PetUITests.framework in Frameworks */,
			);
			runOnlyForDeploymentPostprocessing = 0;
		};
/* End PBXFrameworksBuildPhase section */

/* Begin PBXGroup section */
		1831586F5CDC4B431B4A83E5 /* Pods */ = {
			isa = PBXGroup;
			children = (
				522CAD39BDCAC7808DF02EB9 /* Pods-Find My Pet.debug.xcconfig */,
				B45B53D7A48CA14468638309 /* Pods-Find My Pet.release.xcconfig */,
				FCEC086D43C985A6C32B5107 /* Pods-Find My Pet-Find My PetUITests.debug.xcconfig */,
				27825B7CCA4CCF1DBD3C157C /* Pods-Find My Pet-Find My PetUITests.release.xcconfig */,
				63DE221097E57F002F630B3D /* Pods-Find My PetTests.debug.xcconfig */,
				85DFE49ED3D6F08FB4CADCD5 /* Pods-Find My PetTests.release.xcconfig */,
			);
			path = Pods;
			sourceTree = "<group>";
		};
		5819468D2826D44D00892670 = {
			isa = PBXGroup;
			children = (
				581946982826D44D00892670 /* Find My Pet */,
				581946A92826D45000892670 /* Find My PetTests */,
				581946B32826D45000892670 /* Find My PetUITests */,
				581946972826D44D00892670 /* Products */,
				FDC3F65C63C961F450A17B44 /* Frameworks */,
				1831586F5CDC4B431B4A83E5 /* Pods */,
			);
			sourceTree = "<group>";
		};
		581946972826D44D00892670 /* Products */ = {
			isa = PBXGroup;
			children = (
				581946962826D44D00892670 /* Find My Pet.app */,
				581946A62826D45000892670 /* Find My PetTests.xctest */,
				581946B02826D45000892670 /* Find My PetUITests.xctest */,
			);
			name = Products;
			sourceTree = "<group>";
		};
		581946982826D44D00892670 /* Find My Pet */ = {
			isa = PBXGroup;
			children = (
				581946992826D44D00892670 /* Find_My_PetApp.swift */,
				587FBC6328274352002CB9E8 /* Settings.swift */,
				581946C32826D4B500892670 /* WelcomePage.swift */,
				587FBC6528275A06002CB9E8 /* PostRepository.swift */,
				587FBC6728275AA2002CB9E8 /* Post.swift */,
				5819469B2826D44D00892670 /* ContentView.swift */,
				5801A17128275DC30002BBFC /* PostListViewModel.swift */,
				581946C52826EF8700892670 /* SignInView.swift */,
				5801A17F28279B5B0002BBFC /* ImagePicker.swift */,
				581C61C72827293000802209 /* SignUpView.swift */,
				581C61C52827290F00802209 /* HomePage.swift */,
				5801A1812827A04A0002BBFC /* ProfilePage.swift */,
				5801A175282761080002BBFC /* PostView.swift */,
				5801A17B282766B50002BBFC /* FormView.swift */,
				581390C62827C6FB00510576 /* CompareView.swift */,
				5801A177282763510002BBFC /* PostUI.swift */,
				5801A179282763A90002BBFC /* PostViewModel.swift */,
				5819469D2826D45000892670 /* Assets.xcassets */,
				581946C728270C6C00892670 /* GoogleService-Info.plist */,
				5819469F2826D45000892670 /* Preview Content */,
			);
			path = "Find My Pet";
			sourceTree = "<group>";
		};
		5819469F2826D45000892670 /* Preview Content */ = {
			isa = PBXGroup;
			children = (
				581946A02826D45000892670 /* Preview Assets.xcassets */,
			);
			path = "Preview Content";
			sourceTree = "<group>";
		};
		581946A92826D45000892670 /* Find My PetTests */ = {
			isa = PBXGroup;
			children = (
				581946AA2826D45000892670 /* Find_My_PetTests.swift */,
			);
			path = "Find My PetTests";
			sourceTree = "<group>";
		};
		581946B32826D45000892670 /* Find My PetUITests */ = {
			isa = PBXGroup;
			children = (
				581946B42826D45000892670 /* Find_My_PetUITests.swift */,
				581946B62826D45000892670 /* Find_My_PetUITestsLaunchTests.swift */,
			);
			path = "Find My PetUITests";
			sourceTree = "<group>";
		};
		FDC3F65C63C961F450A17B44 /* Frameworks */ = {
			isa = PBXGroup;
			children = (
				1F18FEA3A3334351C9F1ED93 /* Pods_Find_My_Pet.framework */,
				E36F3781108E2818F4777016 /* Pods_Find_My_Pet_Find_My_PetUITests.framework */,
				B2D8BF0A4D000F7A0DBFAD5D /* Pods_Find_My_PetTests.framework */,
			);
			name = Frameworks;
			sourceTree = "<group>";
		};
/* End PBXGroup section */

/* Begin PBXNativeTarget section */
		581946952826D44D00892670 /* Find My Pet */ = {
			isa = PBXNativeTarget;
			buildConfigurationList = 581946BA2826D45000892670 /* Build configuration list for PBXNativeTarget "Find My Pet" */;
			buildPhases = (
				0DDF85B93A2C848EBE77767B /* [CP] Check Pods Manifest.lock */,
				581946922826D44D00892670 /* Sources */,
				581946932826D44D00892670 /* Frameworks */,
				581946942826D44D00892670 /* Resources */,
				3979CC434ABDC5766DE81F33 /* [CP] Embed Pods Frameworks */,
			);
			buildRules = (
			);
			dependencies = (
			);
			name = "Find My Pet";
			productName = "Find My pet";
			productReference = 581946962826D44D00892670 /* Find My Pet.app */;
			productType = "com.apple.product-type.application";
		};
		581946A52826D45000892670 /* Find My PetTests */ = {
			isa = PBXNativeTarget;
			buildConfigurationList = 581946BD2826D45000892670 /* Build configuration list for PBXNativeTarget "Find My PetTests" */;
			buildPhases = (
				2FD0FE8DB4BD34622C7FDAAB /* [CP] Check Pods Manifest.lock */,
				581946A22826D45000892670 /* Sources */,
				581946A32826D45000892670 /* Frameworks */,
				581946A42826D45000892670 /* Resources */,
			);
			buildRules = (
			);
			dependencies = (
				581946A82826D45000892670 /* PBXTargetDependency */,
			);
			name = "Find My PetTests";
			productName = "Find My petTests";
			productReference = 581946A62826D45000892670 /* Find My PetTests.xctest */;
			productType = "com.apple.product-type.bundle.unit-test";
		};
		581946AF2826D45000892670 /* Find My PetUITests */ = {
			isa = PBXNativeTarget;
			buildConfigurationList = 581946C02826D45000892670 /* Build configuration list for PBXNativeTarget "Find My PetUITests" */;
			buildPhases = (
				717ABE0CC32FD48DD348A6E1 /* [CP] Check Pods Manifest.lock */,
				581946AC2826D45000892670 /* Sources */,
				581946AD2826D45000892670 /* Frameworks */,
				581946AE2826D45000892670 /* Resources */,
				DAE3C43B8A8EB63C442153C7 /* [CP] Embed Pods Frameworks */,
			);
			buildRules = (
			);
			dependencies = (
				581946B22826D45000892670 /* PBXTargetDependency */,
			);
			name = "Find My PetUITests";
			productName = "Find My petUITests";
			productReference = 581946B02826D45000892670 /* Find My PetUITests.xctest */;
			productType = "com.apple.product-type.bundle.ui-testing";
		};
/* End PBXNativeTarget section */

/* Begin PBXProject section */
		5819468E2826D44D00892670 /* Project object */ = {
			isa = PBXProject;
			attributes = {
				BuildIndependentTargetsInParallel = 1;
				LastSwiftUpdateCheck = 1330;
				LastUpgradeCheck = 1330;
				TargetAttributes = {
					581946952826D44D00892670 = {
						CreatedOnToolsVersion = 13.3;
					};
					581946A52826D45000892670 = {
						CreatedOnToolsVersion = 13.3;
						TestTargetID = 581946952826D44D00892670;
					};
					581946AF2826D45000892670 = {
						CreatedOnToolsVersion = 13.3;
						TestTargetID = 581946952826D44D00892670;
					};
				};
			};
			buildConfigurationList = 581946912826D44D00892670 /* Build configuration list for PBXProject "Find My Pet" */;
			compatibilityVersion = "Xcode 13.0";
			developmentRegion = en;
			hasScannedForEncodings = 0;
			knownRegions = (
				en,
				Base,
			);
			mainGroup = 5819468D2826D44D00892670;
			productRefGroup = 581946972826D44D00892670 /* Products */;
			projectDirPath = "";
			projectRoot = "";
			targets = (
				581946952826D44D00892670 /* Find My Pet */,
				581946A52826D45000892670 /* Find My PetTests */,
				581946AF2826D45000892670 /* Find My PetUITests */,
			);
		};
/* End PBXProject section */

/* Begin PBXResourcesBuildPhase section */
		581946942826D44D00892670 /* Resources */ = {
			isa = PBXResourcesBuildPhase;
			buildActionMask = 2147483647;
			files = (
				581946A12826D45000892670 /* Preview Assets.xcassets in Resources */,
				5819469E2826D45000892670 /* Assets.xcassets in Resources */,
				581946C828270C6C00892670 /* GoogleService-Info.plist in Resources */,
			);
			runOnlyForDeploymentPostprocessing = 0;
		};
		581946A42826D45000892670 /* Resources */ = {
			isa = PBXResourcesBuildPhase;
			buildActionMask = 2147483647;
			files = (
			);
			runOnlyForDeploymentPostprocessing = 0;
		};
		581946AE2826D45000892670 /* Resources */ = {
			isa = PBXResourcesBuildPhase;
			buildActionMask = 2147483647;
			files = (
			);
			runOnlyForDeploymentPostprocessing = 0;
		};
/* End PBXResourcesBuildPhase section */

/* Begin PBXShellScriptBuildPhase section */
		0DDF85B93A2C848EBE77767B /* [CP] Check Pods Manifest.lock */ = {
			isa = PBXShellScriptBuildPhase;
			buildActionMask = 2147483647;
			files = (
			);
			inputFileListPaths = (
			);
			inputPaths = (
				"${PODS_PODFILE_DIR_PATH}/Podfile.lock",
				"${PODS_ROOT}/Manifest.lock",
			);
			name = "[CP] Check Pods Manifest.lock";
			outputFileListPaths = (
			);
			outputPaths = (
				"$(DERIVED_FILE_DIR)/Pods-Find My Pet-checkManifestLockResult.txt",
			);
			runOnlyForDeploymentPostprocessing = 0;
			shellPath = /bin/sh;
			shellScript = "diff \"${PODS_PODFILE_DIR_PATH}/Podfile.lock\" \"${PODS_ROOT}/Manifest.lock\" > /dev/null\nif [ $? != 0 ] ; then\n    # print error to STDERR\n    echo \"error: The sandbox is not in sync with the Podfile.lock. Run 'pod install' or update your CocoaPods installation.\" >&2\n    exit 1\nfi\n# This output is used by Xcode 'outputs' to avoid re-running this script phase.\necho \"SUCCESS\" > \"${SCRIPT_OUTPUT_FILE_0}\"\n";
			showEnvVarsInLog = 0;
		};
		2FD0FE8DB4BD34622C7FDAAB /* [CP] Check Pods Manifest.lock */ = {
			isa = PBXShellScriptBuildPhase;
			buildActionMask = 2147483647;
			files = (
			);
			inputFileListPaths = (
			);
			inputPaths = (
				"${PODS_PODFILE_DIR_PATH}/Podfile.lock",
				"${PODS_ROOT}/Manifest.lock",
			);
			name = "[CP] Check Pods Manifest.lock";
			outputFileListPaths = (
			);
			outputPaths = (
				"$(DERIVED_FILE_DIR)/Pods-Find My PetTests-checkManifestLockResult.txt",
			);
			runOnlyForDeploymentPostprocessing = 0;
			shellPath = /bin/sh;
			shellScript = "diff \"${PODS_PODFILE_DIR_PATH}/Podfile.lock\" \"${PODS_ROOT}/Manifest.lock\" > /dev/null\nif [ $? != 0 ] ; then\n    # print error to STDERR\n    echo \"error: The sandbox is not in sync with the Podfile.lock. Run 'pod install' or update your CocoaPods installation.\" >&2\n    exit 1\nfi\n# This output is used by Xcode 'outputs' to avoid re-running this script phase.\necho \"SUCCESS\" > \"${SCRIPT_OUTPUT_FILE_0}\"\n";
			showEnvVarsInLog = 0;
		};
		3979CC434ABDC5766DE81F33 /* [CP] Embed Pods Frameworks */ = {
			isa = PBXShellScriptBuildPhase;
			buildActionMask = 2147483647;
			files = (
			);
			inputFileListPaths = (
				"${PODS_ROOT}/Target Support Files/Pods-Find My Pet/Pods-Find My Pet-frameworks-${CONFIGURATION}-input-files.xcfilelist",
			);
			name = "[CP] Embed Pods Frameworks";
			outputFileListPaths = (
				"${PODS_ROOT}/Target Support Files/Pods-Find My Pet/Pods-Find My Pet-frameworks-${CONFIGURATION}-output-files.xcfilelist",
			);
			runOnlyForDeploymentPostprocessing = 0;
			shellPath = /bin/sh;
			shellScript = "\"${PODS_ROOT}/Target Support Files/Pods-Find My Pet/Pods-Find My Pet-frameworks.sh\"\n";
			showEnvVarsInLog = 0;
		};
		717ABE0CC32FD48DD348A6E1 /* [CP] Check Pods Manifest.lock */ = {
			isa = PBXShellScriptBuildPhase;
			buildActionMask = 2147483647;
			files = (
			);
			inputFileListPaths = (
			);
			inputPaths = (
				"${PODS_PODFILE_DIR_PATH}/Podfile.lock",
				"${PODS_ROOT}/Manifest.lock",
			);
			name = "[CP] Check Pods Manifest.lock";
			outputFileListPaths = (
			);
			outputPaths = (
				"$(DERIVED_FILE_DIR)/Pods-Find My Pet-Find My PetUITests-checkManifestLockResult.txt",
			);
			runOnlyForDeploymentPostprocessing = 0;
			shellPath = /bin/sh;
			shellScript = "diff \"${PODS_PODFILE_DIR_PATH}/Podfile.lock\" \"${PODS_ROOT}/Manifest.lock\" > /dev/null\nif [ $? != 0 ] ; then\n    # print error to STDERR\n    echo \"error: The sandbox is not in sync with the Podfile.lock. Run 'pod install' or update your CocoaPods installation.\" >&2\n    exit 1\nfi\n# This output is used by Xcode 'outputs' to avoid re-running this script phase.\necho \"SUCCESS\" > \"${SCRIPT_OUTPUT_FILE_0}\"\n";
			showEnvVarsInLog = 0;
		};
		DAE3C43B8A8EB63C442153C7 /* [CP] Embed Pods Frameworks */ = {
			isa = PBXShellScriptBuildPhase;
			buildActionMask = 2147483647;
			files = (
			);
			inputFileListPaths = (
				"${PODS_ROOT}/Target Support Files/Pods-Find My Pet-Find My PetUITests/Pods-Find My Pet-Find My PetUITests-frameworks-${CONFIGURATION}-input-files.xcfilelist",
			);
			name = "[CP] Embed Pods Frameworks";
			outputFileListPaths = (
				"${PODS_ROOT}/Target Support Files/Pods-Find My Pet-Find My PetUITests/Pods-Find My Pet-Find My PetUITests-frameworks-${CONFIGURATION}-output-files.xcfilelist",
			);
			runOnlyForDeploymentPostprocessing = 0;
			shellPath = /bin/sh;
			shellScript = "\"${PODS_ROOT}/Target Support Files/Pods-Find My Pet-Find My PetUITests/Pods-Find My Pet-Find My PetUITests-frameworks.sh\"\n";
			showEnvVarsInLog = 0;
		};
/* End PBXShellScriptBuildPhase section */

/* Begin PBXSourcesBuildPhase section */
		581946922826D44D00892670 /* Sources */ = {
			isa = PBXSourcesBuildPhase;
			buildActionMask = 2147483647;
			files = (
				5801A17A282763A90002BBFC /* PostViewModel.swift in Sources */,
				581C61C62827290F00802209 /* HomePage.swift in Sources */,
				5801A17C282766B50002BBFC /* FormView.swift in Sources */,
				587FBC6828275AA2002CB9E8 /* Post.swift in Sources */,
				581946C42826D4B500892670 /* WelcomePage.swift in Sources */,
				5801A178282763510002BBFC /* PostUI.swift in Sources */,
				5801A17228275DC30002BBFC /* PostListViewModel.swift in Sources */,
				5819469C2826D44D00892670 /* ContentView.swift in Sources */,
				581946C62826EF8700892670 /* SignInView.swift in Sources */,
				587FBC6628275A06002CB9E8 /* PostRepository.swift in Sources */,
				5801A1822827A04A0002BBFC /* ProfilePage.swift in Sources */,
				587FBC6428274352002CB9E8 /* Settings.swift in Sources */,
				581C61C82827293000802209 /* SignUpView.swift in Sources */,
				581390C72827C6FB00510576 /* CompareView.swift in Sources */,
				5819469A2826D44D00892670 /* Find_My_PetApp.swift in Sources */,
				5801A18028279B5B0002BBFC /* ImagePicker.swift in Sources */,
				5801A176282761080002BBFC /* PostView.swift in Sources */,
			);
			runOnlyForDeploymentPostprocessing = 0;
		};
		581946A22826D45000892670 /* Sources */ = {
			isa = PBXSourcesBuildPhase;
			buildActionMask = 2147483647;
			files = (
				581946AB2826D45000892670 /* Find_My_PetTests.swift in Sources */,
			);
			runOnlyForDeploymentPostprocessing = 0;
		};
		581946AC2826D45000892670 /* Sources */ = {
			isa = PBXSourcesBuildPhase;
			buildActionMask = 2147483647;
			files = (
				581946B52826D45000892670 /* Find_My_PetUITests.swift in Sources */,
				581946B72826D45000892670 /* Find_My_PetUITestsLaunchTests.swift in Sources */,
			);
			runOnlyForDeploymentPostprocessing = 0;
		};
/* End PBXSourcesBuildPhase section */

/* Begin PBXTargetDependency section */
		581946A82826D45000892670 /* PBXTargetDependency */ = {
			isa = PBXTargetDependency;
			target = 581946952826D44D00892670 /* Find My Pet */;
			targetProxy = 581946A72826D45000892670 /* PBXContainerItemProxy */;
		};
		581946B22826D45000892670 /* PBXTargetDependency */ = {
			isa = PBXTargetDependency;
			target = 581946952826D44D00892670 /* Find My Pet */;
			targetProxy = 581946B12826D45000892670 /* PBXContainerItemProxy */;
		};
/* End PBXTargetDependency section */

/* Begin XCBuildConfiguration section */
		581946B82826D45000892670 /* Debug */ = {
			isa = XCBuildConfiguration;
			buildSettings = {
				ALWAYS_SEARCH_USER_PATHS = NO;
				CLANG_ANALYZER_NONNULL = YES;
				CLANG_ANALYZER_NUMBER_OBJECT_CONVERSION = YES_AGGRESSIVE;
				CLANG_CXX_LANGUAGE_STANDARD = "gnu++17";
				CLANG_ENABLE_MODULES = YES;
				CLANG_ENABLE_OBJC_ARC = YES;
				CLANG_ENABLE_OBJC_WEAK = YES;
				CLANG_WARN_BLOCK_CAPTURE_AUTORELEASING = YES;
				CLANG_WARN_BOOL_CONVERSION = YES;
				CLANG_WARN_COMMA = YES;
				CLANG_WARN_CONSTANT_CONVERSION = YES;
				CLANG_WARN_DEPRECATED_OBJC_IMPLEMENTATIONS = YES;
				CLANG_WARN_DIRECT_OBJC_ISA_USAGE = YES_ERROR;
				CLANG_WARN_DOCUMENTATION_COMMENTS = YES;
				CLANG_WARN_EMPTY_BODY = YES;
				CLANG_WARN_ENUM_CONVERSION = YES;
				CLANG_WARN_INFINITE_RECURSION = YES;
				CLANG_WARN_INT_CONVERSION = YES;
				CLANG_WARN_NON_LITERAL_NULL_CONVERSION = YES;
				CLANG_WARN_OBJC_IMPLICIT_RETAIN_SELF = YES;
				CLANG_WARN_OBJC_LITERAL_CONVERSION = YES;
				CLANG_WARN_OBJC_ROOT_CLASS = YES_ERROR;
				CLANG_WARN_QUOTED_INCLUDE_IN_FRAMEWORK_HEADER = YES;
				CLANG_WARN_RANGE_LOOP_ANALYSIS = YES;
				CLANG_WARN_STRICT_PROTOTYPES = YES;
				CLANG_WARN_SUSPICIOUS_MOVE = YES;
				CLANG_WARN_UNGUARDED_AVAILABILITY = YES_AGGRESSIVE;
				CLANG_WARN_UNREACHABLE_CODE = YES;
				CLANG_WARN__DUPLICATE_METHOD_MATCH = YES;
				COPY_PHASE_STRIP = NO;
				DEBUG_INFORMATION_FORMAT = dwarf;
				ENABLE_STRICT_OBJC_MSGSEND = YES;
				ENABLE_TESTABILITY = YES;
				GCC_C_LANGUAGE_STANDARD = gnu11;
				GCC_DYNAMIC_NO_PIC = NO;
				GCC_NO_COMMON_BLOCKS = YES;
				GCC_OPTIMIZATION_LEVEL = 0;
				GCC_PREPROCESSOR_DEFINITIONS = (
					"DEBUG=1",
					"$(inherited)",
				);
				GCC_WARN_64_TO_32_BIT_CONVERSION = YES;
				GCC_WARN_ABOUT_RETURN_TYPE = YES_ERROR;
				GCC_WARN_UNDECLARED_SELECTOR = YES;
				GCC_WARN_UNINITIALIZED_AUTOS = YES_AGGRESSIVE;
				GCC_WARN_UNUSED_FUNCTION = YES;
				GCC_WARN_UNUSED_VARIABLE = YES;
				IPHONEOS_DEPLOYMENT_TARGET = 15.4;
				MTL_ENABLE_DEBUG_INFO = INCLUDE_SOURCE;
				MTL_FAST_MATH = YES;
				ONLY_ACTIVE_ARCH = YES;
				SDKROOT = iphoneos;
				SWIFT_ACTIVE_COMPILATION_CONDITIONS = DEBUG;
				SWIFT_OPTIMIZATION_LEVEL = "-Onone";
			};
			name = Debug;
		};
		581946B92826D45000892670 /* Release */ = {
			isa = XCBuildConfiguration;
			buildSettings = {
				ALWAYS_SEARCH_USER_PATHS = NO;
				CLANG_ANALYZER_NONNULL = YES;
				CLANG_ANALYZER_NUMBER_OBJECT_CONVERSION = YES_AGGRESSIVE;
				CLANG_CXX_LANGUAGE_STANDARD = "gnu++17";
				CLANG_ENABLE_MODULES = YES;
				CLANG_ENABLE_OBJC_ARC = YES;
				CLANG_ENABLE_OBJC_WEAK = YES;
				CLANG_WARN_BLOCK_CAPTURE_AUTORELEASING = YES;
				CLANG_WARN_BOOL_CONVERSION = YES;
				CLANG_WARN_COMMA = YES;
				CLANG_WARN_CONSTANT_CONVERSION = YES;
				CLANG_WARN_DEPRECATED_OBJC_IMPLEMENTATIONS = YES;
				CLANG_WARN_DIRECT_OBJC_ISA_USAGE = YES_ERROR;
				CLANG_WARN_DOCUMENTATION_COMMENTS = YES;
				CLANG_WARN_EMPTY_BODY = YES;
				CLANG_WARN_ENUM_CONVERSION = YES;
				CLANG_WARN_INFINITE_RECURSION = YES;
				CLANG_WARN_INT_CONVERSION = YES;
				CLANG_WARN_NON_LITERAL_NULL_CONVERSION = YES;
				CLANG_WARN_OBJC_IMPLICIT_RETAIN_SELF = YES;
				CLANG_WARN_OBJC_LITERAL_CONVERSION = YES;
				CLANG_WARN_OBJC_ROOT_CLASS = YES_ERROR;
				CLANG_WARN_QUOTED_INCLUDE_IN_FRAMEWORK_HEADER = YES;
				CLANG_WARN_RANGE_LOOP_ANALYSIS = YES;
				CLANG_WARN_STRICT_PROTOTYPES = YES;
				CLANG_WARN_SUSPICIOUS_MOVE = YES;
				CLANG_WARN_UNGUARDED_AVAILABILITY = YES_AGGRESSIVE;
				CLANG_WARN_UNREACHABLE_CODE = YES;
				CLANG_WARN__DUPLICATE_METHOD_MATCH = YES;
				COPY_PHASE_STRIP = NO;
				DEBUG_INFORMATION_FORMAT = "dwarf-with-dsym";
				ENABLE_NS_ASSERTIONS = NO;
				ENABLE_STRICT_OBJC_MSGSEND = YES;
				GCC_C_LANGUAGE_STANDARD = gnu11;
				GCC_NO_COMMON_BLOCKS = YES;
				GCC_WARN_64_TO_32_BIT_CONVERSION = YES;
				GCC_WARN_ABOUT_RETURN_TYPE = YES_ERROR;
				GCC_WARN_UNDECLARED_SELECTOR = YES;
				GCC_WARN_UNINITIALIZED_AUTOS = YES_AGGRESSIVE;
				GCC_WARN_UNUSED_FUNCTION = YES;
				GCC_WARN_UNUSED_VARIABLE = YES;
				IPHONEOS_DEPLOYMENT_TARGET = 15.4;
				MTL_ENABLE_DEBUG_INFO = NO;
				MTL_FAST_MATH = YES;
				SDKROOT = iphoneos;
				SWIFT_COMPILATION_MODE = wholemodule;
				SWIFT_OPTIMIZATION_LEVEL = "-O";
				VALIDATE_PRODUCT = YES;
			};
			name = Release;
		};
		581946BB2826D45000892670 /* Debug */ = {
			isa = XCBuildConfiguration;
			baseConfigurationReference = 522CAD39BDCAC7808DF02EB9 /* Pods-Find My Pet.debug.xcconfig */;
			buildSettings = {
				ASSETCATALOG_COMPILER_APPICON_NAME = AppIcon;
				ASSETCATALOG_COMPILER_GLOBAL_ACCENT_COLOR_NAME = AccentColor;
				CODE_SIGN_STYLE = Automatic;
				CURRENT_PROJECT_VERSION = 1;
				DEVELOPMENT_ASSET_PATHS = "\"Find My pet/Preview Content\"";
				DEVELOPMENT_TEAM = ZC9M5VV47F;
				ENABLE_PREVIEWS = YES;
				GENERATE_INFOPLIST_FILE = YES;
				INFOPLIST_KEY_UIApplicationSceneManifest_Generation = YES;
				INFOPLIST_KEY_UIApplicationSupportsIndirectInputEvents = YES;
				INFOPLIST_KEY_UILaunchScreen_Generation = YES;
				INFOPLIST_KEY_UISupportedInterfaceOrientations_iPad = "UIInterfaceOrientationPortrait UIInterfaceOrientationPortraitUpsideDown UIInterfaceOrientationLandscapeLeft UIInterfaceOrientationLandscapeRight";
				INFOPLIST_KEY_UISupportedInterfaceOrientations_iPhone = "UIInterfaceOrientationPortrait UIInterfaceOrientationLandscapeLeft UIInterfaceOrientationLandscapeRight";
				LD_RUNPATH_SEARCH_PATHS = (
					"$(inherited)",
					"@executable_path/Frameworks",
				);
				MARKETING_VERSION = 1.0;
				ONLY_ACTIVE_ARCH = YES;
				PRODUCT_BUNDLE_IDENTIFIER = "com.granthough.Find-My-Pet";
				PRODUCT_NAME = "Find My Pet";
				SWIFT_EMIT_LOC_STRINGS = YES;
				SWIFT_VERSION = 5.0;
				TARGETED_DEVICE_FAMILY = "1,2";
			};
			name = Debug;
		};
		581946BC2826D45000892670 /* Release */ = {
			isa = XCBuildConfiguration;
			baseConfigurationReference = B45B53D7A48CA14468638309 /* Pods-Find My Pet.release.xcconfig */;
			buildSettings = {
				ASSETCATALOG_COMPILER_APPICON_NAME = AppIcon;
				ASSETCATALOG_COMPILER_GLOBAL_ACCENT_COLOR_NAME = AccentColor;
				CODE_SIGN_STYLE = Automatic;
				CURRENT_PROJECT_VERSION = 1;
				DEVELOPMENT_ASSET_PATHS = "\"Find My pet/Preview Content\"";
				DEVELOPMENT_TEAM = ZC9M5VV47F;
				ENABLE_PREVIEWS = YES;
				GENERATE_INFOPLIST_FILE = YES;
				INFOPLIST_KEY_UIApplicationSceneManifest_Generation = YES;
				INFOPLIST_KEY_UIApplicationSupportsIndirectInputEvents = YES;
				INFOPLIST_KEY_UILaunchScreen_Generation = YES;
				INFOPLIST_KEY_UISupportedInterfaceOrientations_iPad = "UIInterfaceOrientationPortrait UIInterfaceOrientationPortraitUpsideDown UIInterfaceOrientationLandscapeLeft UIInterfaceOrientationLandscapeRight";
				INFOPLIST_KEY_UISupportedInterfaceOrientations_iPhone = "UIInterfaceOrientationPortrait UIInterfaceOrientationLandscapeLeft UIInterfaceOrientationLandscapeRight";
				LD_RUNPATH_SEARCH_PATHS = (
					"$(inherited)",
					"@executable_path/Frameworks",
				);
				MARKETING_VERSION = 1.0;
				ONLY_ACTIVE_ARCH = YES;
				PRODUCT_BUNDLE_IDENTIFIER = "com.granthough.Find-My-Pet";
				PRODUCT_NAME = "Find My Pet";
				SWIFT_EMIT_LOC_STRINGS = YES;
				SWIFT_VERSION = 5.0;
				TARGETED_DEVICE_FAMILY = "1,2";
			};
			name = Release;
		};
		581946BE2826D45000892670 /* Debug */ = {
			isa = XCBuildConfiguration;
			baseConfigurationReference = 63DE221097E57F002F630B3D /* Pods-Find My PetTests.debug.xcconfig */;
			buildSettings = {
				ALWAYS_EMBED_SWIFT_STANDARD_LIBRARIES = YES;
				BUNDLE_LOADER = "$(TEST_HOST)";
				CODE_SIGN_STYLE = Automatic;
				CURRENT_PROJECT_VERSION = 1;
				DEVELOPMENT_TEAM = ZC9M5VV47F;
				GENERATE_INFOPLIST_FILE = YES;
				IPHONEOS_DEPLOYMENT_TARGET = 15.4;
				MARKETING_VERSION = 1.0;
				PRODUCT_BUNDLE_IDENTIFIER = "com.granthough.Find-My-petTests";
				PRODUCT_NAME = "$(TARGET_NAME)";
				SWIFT_EMIT_LOC_STRINGS = NO;
				SWIFT_VERSION = 5.0;
				TARGETED_DEVICE_FAMILY = "1,2";
				TEST_HOST = "$(BUILT_PRODUCTS_DIR)/Find My Pet.app/Find My Pet";
			};
			name = Debug;
		};
		581946BF2826D45000892670 /* Release */ = {
			isa = XCBuildConfiguration;
			baseConfigurationReference = 85DFE49ED3D6F08FB4CADCD5 /* Pods-Find My PetTests.release.xcconfig */;
			buildSettings = {
				ALWAYS_EMBED_SWIFT_STANDARD_LIBRARIES = YES;
				BUNDLE_LOADER = "$(TEST_HOST)";
				CODE_SIGN_STYLE = Automatic;
				CURRENT_PROJECT_VERSION = 1;
				DEVELOPMENT_TEAM = ZC9M5VV47F;
				GENERATE_INFOPLIST_FILE = YES;
				IPHONEOS_DEPLOYMENT_TARGET = 15.4;
				MARKETING_VERSION = 1.0;
				PRODUCT_BUNDLE_IDENTIFIER = "com.granthough.Find-My-petTests";
				PRODUCT_NAME = "$(TARGET_NAME)";
				SWIFT_EMIT_LOC_STRINGS = NO;
				SWIFT_VERSION = 5.0;
				TARGETED_DEVICE_FAMILY = "1,2";
				TEST_HOST = "$(BUILT_PRODUCTS_DIR)/Find My Pet.app/Find My Pet";
			};
			name = Release;
		};
		581946C12826D45000892670 /* Debug */ = {
			isa = XCBuildConfiguration;
			baseConfigurationReference = FCEC086D43C985A6C32B5107 /* Pods-Find My Pet-Find My PetUITests.debug.xcconfig */;
			buildSettings = {
				ALWAYS_EMBED_SWIFT_STANDARD_LIBRARIES = YES;
				CODE_SIGN_STYLE = Automatic;
				CURRENT_PROJECT_VERSION = 1;
				DEVELOPMENT_TEAM = ZC9M5VV47F;
				GENERATE_INFOPLIST_FILE = YES;
				MARKETING_VERSION = 1.0;
				PRODUCT_BUNDLE_IDENTIFIER = "com.granthough.Find-My-petUITests";
				PRODUCT_NAME = "$(TARGET_NAME)";
				SWIFT_EMIT_LOC_STRINGS = NO;
				SWIFT_VERSION = 5.0;
				TARGETED_DEVICE_FAMILY = "1,2";
				TEST_TARGET_NAME = "Find My pet";
			};
			name = Debug;
		};
		581946C22826D45000892670 /* Release */ = {
			isa = XCBuildConfiguration;
			baseConfigurationReference = 27825B7CCA4CCF1DBD3C157C /* Pods-Find My Pet-Find My PetUITests.release.xcconfig */;
			buildSettings = {
				ALWAYS_EMBED_SWIFT_STANDARD_LIBRARIES = YES;
				CODE_SIGN_STYLE = Automatic;
				CURRENT_PROJECT_VERSION = 1;
				DEVELOPMENT_TEAM = ZC9M5VV47F;
				GENERATE_INFOPLIST_FILE = YES;
				MARKETING_VERSION = 1.0;
				PRODUCT_BUNDLE_IDENTIFIER = "com.granthough.Find-My-petUITests";
				PRODUCT_NAME = "$(TARGET_NAME)";
				SWIFT_EMIT_LOC_STRINGS = NO;
				SWIFT_VERSION = 5.0;
				TARGETED_DEVICE_FAMILY = "1,2";
				TEST_TARGET_NAME = "Find My pet";
			};
			name = Release;
		};
/* End XCBuildConfiguration section */

/* Begin XCConfigurationList section */
		581946912826D44D00892670 /* Build configuration list for PBXProject "Find My Pet" */ = {
			isa = XCConfigurationList;
			buildConfigurations = (
				581946B82826D45000892670 /* Debug */,
				581946B92826D45000892670 /* Release */,
			);
			defaultConfigurationIsVisible = 0;
			defaultConfigurationName = Release;
		};
		581946BA2826D45000892670 /* Build configuration list for PBXNativeTarget "Find My Pet" */ = {
			isa = XCConfigurationList;
			buildConfigurations = (
				581946BB2826D45000892670 /* Debug */,
				581946BC2826D45000892670 /* Release */,
			);
			defaultConfigurationIsVisible = 0;
			defaultConfigurationName = Release;
		};
		581946BD2826D45000892670 /* Build configuration list for PBXNativeTarget "Find My PetTests" */ = {
			isa = XCConfigurationList;
			buildConfigurations = (
				581946BE2826D45000892670 /* Debug */,
				581946BF2826D45000892670 /* Release */,
			);
			defaultConfigurationIsVisible = 0;
			defaultConfigurationName = Release;
		};
		581946C02826D45000892670 /* Build configuration list for PBXNativeTarget "Find My PetUITests" */ = {
			isa = XCConfigurationList;
			buildConfigurations = (
				581946C12826D45000892670 /* Debug */,
				581946C22826D45000892670 /* Release */,
			);
			defaultConfigurationIsVisible = 0;
			defaultConfigurationName = Release;
		};
/* End XCConfigurationList section */
	};
	rootObject = 5819468E2826D44D00892670 /* Project object */;
}
